{
  "requires": true,
  "lockfileVersion": 1,
  "dependencies": {
    "noty": {
      "version": "3.2.0-beta-deprecated",
      "resolved": "https://registry.npmjs.org/noty/-/noty-3.2.0-beta-deprecated.tgz",
      "integrity": "sha512-ntRbHuQ9SnnnVFZm/oq5L1DBCaHQUvsU24AwZH3PGjAWx2YqR/IhOadMk11vmJovYiQo00oqTj6Hp+D6PGtmLA=="
    }
  }
}
